// !$*UTF8*$!
{
	archiveVersion = 1;
	classes = {
	};
	objectVersion = 46;
	objects = {

/* Begin PBXBuildFile section */
		40BD2B981C05E511004AE2CA /* UIColor+themeColor.m in Sources */ = {isa = PBXBuildFile; fileRef = 40BD2B971C05E511004AE2CA /* UIColor+themeColor.m */; };
		40BD2B9B1C05EB7A004AE2CA /* HomeTableViewController.m in Sources */ = {isa = PBXBuildFile; fileRef = 40BD2B9A1C05EB7A004AE2CA /* HomeTableViewController.m */; };
		40BD2B9E1C05EBA5004AE2CA /* FirstRowTableViewCell.m in Sources */ = {isa = PBXBuildFile; fileRef = 40BD2B9D1C05EBA5004AE2CA /* FirstRowTableViewCell.m */; };
		40BD2BA11C05EF97004AE2CA /* SecondRowTableViewCell.m in Sources */ = {isa = PBXBuildFile; fileRef = 40BD2BA01C05EF97004AE2CA /* SecondRowTableViewCell.m */; };
		40BD2BA41C05F14D004AE2CA /* ThirdTableViewCell.m in Sources */ = {isa = PBXBuildFile; fileRef = 40BD2BA31C05F14D004AE2CA /* ThirdTableViewCell.m */; };
		40BD2BA71C05F156004AE2CA /* FourthTableViewCell.m in Sources */ = {isa = PBXBuildFile; fileRef = 40BD2BA61C05F156004AE2CA /* FourthTableViewCell.m */; };
		40BD2BAC1C05F4E7004AE2CA /* HomePageRecipe.m in Sources */ = {isa = PBXBuildFile; fileRef = 40BD2BAB1C05F4E7004AE2CA /* HomePageRecipe.m */; };
		40BD2BAF1C05F6C3004AE2CA /* FifthTableViewCell.m in Sources */ = {isa = PBXBuildFile; fileRef = 40BD2BAE1C05F6C3004AE2CA /* FifthTableViewCell.m */; };
		40BD2BB11C05F854004AE2CA /* FifthTableViewCell.xib in Resources */ = {isa = PBXBuildFile; fileRef = 40BD2BB01C05F854004AE2CA /* FifthTableViewCell.xib */; };
		D2CFB5F81C05DDF5001C6BC4 /* main.m in Sources */ = {isa = PBXBuildFile; fileRef = D2CFB5F71C05DDF5001C6BC4 /* main.m */; };
		D2CFB5FB1C05DDF5001C6BC4 /* AppDelegate.m in Sources */ = {isa = PBXBuildFile; fileRef = D2CFB5FA1C05DDF5001C6BC4 /* AppDelegate.m */; };
		D2CFB6011C05DDF5001C6BC4 /* Main.storyboard in Resources */ = {isa = PBXBuildFile; fileRef = D2CFB5FF1C05DDF5001C6BC4 /* Main.storyboard */; };
		D2CFB6031C05DDF5001C6BC4 /* Assets.xcassets in Resources */ = {isa = PBXBuildFile; fileRef = D2CFB6021C05DDF5001C6BC4 /* Assets.xcassets */; };
		D2CFB6061C05DDF5001C6BC4 /* LaunchScreen.storyboard in Resources */ = {isa = PBXBuildFile; fileRef = D2CFB6041C05DDF5001C6BC4 /* LaunchScreen.storyboard */; };
		D2CFB6111C05DDF6001C6BC4 /* xiachufangTests.m in Sources */ = {isa = PBXBuildFile; fileRef = D2CFB6101C05DDF6001C6BC4 /* xiachufangTests.m */; };
		D2CFB61C1C05DDF6001C6BC4 /* xiachufangUITests.m in Sources */ = {isa = PBXBuildFile; fileRef = D2CFB61B1C05DDF6001C6BC4 /* xiachufangUITests.m */; };
		DF2F1ACC80739DE3C1E509B7 /* libPods.a in Frameworks */ = {isa = PBXBuildFile; fileRef = 131DCD4378D74D2965BD7E84 /* libPods.a */; };
/* End PBXBuildFile section */

/* Begin PBXContainerItemProxy section */
		D2CFB60D1C05DDF6001C6BC4 /* PBXContainerItemProxy */ = {
			isa = PBXContainerItemProxy;
			containerPortal = D2CFB5EB1C05DDF5001C6BC4 /* Project object */;
			proxyType = 1;
			remoteGlobalIDString = D2CFB5F21C05DDF5001C6BC4;
			remoteInfo = xiachufang;
		};
		D2CFB6181C05DDF6001C6BC4 /* PBXContainerItemProxy */ = {
			isa = PBXContainerItemProxy;
			containerPortal = D2CFB5EB1C05DDF5001C6BC4 /* Project object */;
			proxyType = 1;
			remoteGlobalIDString = D2CFB5F21C05DDF5001C6BC4;
			remoteInfo = xiachufang;
		};
/* End PBXContainerItemProxy section */

/* Begin PBXFileReference section */
		131DCD4378D74D2965BD7E84 /* libPods.a */ = {isa = PBXFileReference; explicitFileType = archive.ar; includeInIndex = 0; path = libPods.a; sourceTree = BUILT_PRODUCTS_DIR; };
		40BD2B961C05E511004AE2CA /* UIColor+themeColor.h */ = {isa = PBXFileReference; fileEncoding = 4; lastKnownFileType = sourcecode.c.h; path = "UIColor+themeColor.h"; sourceTree = "<group>"; };
		40BD2B971C05E511004AE2CA /* UIColor+themeColor.m */ = {isa = PBXFileReference; fileEncoding = 4; lastKnownFileType = sourcecode.c.objc; path = "UIColor+themeColor.m"; sourceTree = "<group>"; };
		40BD2B991C05EB7A004AE2CA /* HomeTableViewController.h */ = {isa = PBXFileReference; fileEncoding = 4; lastKnownFileType = sourcecode.c.h; path = HomeTableViewController.h; sourceTree = "<group>"; };
		40BD2B9A1C05EB7A004AE2CA /* HomeTableViewController.m */ = {isa = PBXFileReference; fileEncoding = 4; lastKnownFileType = sourcecode.c.objc; path = HomeTableViewController.m; sourceTree = "<group>"; };
		40BD2B9C1C05EBA5004AE2CA /* FirstRowTableViewCell.h */ = {isa = PBXFileReference; fileEncoding = 4; lastKnownFileType = sourcecode.c.h; path = FirstRowTableViewCell.h; sourceTree = "<group>"; };
		40BD2B9D1C05EBA5004AE2CA /* FirstRowTableViewCell.m */ = {isa = PBXFileReference; fileEncoding = 4; lastKnownFileType = sourcecode.c.objc; path = FirstRowTableViewCell.m; sourceTree = "<group>"; };
		40BD2B9F1C05EF97004AE2CA /* SecondRowTableViewCell.h */ = {isa = PBXFileReference; fileEncoding = 4; lastKnownFileType = sourcecode.c.h; path = SecondRowTableViewCell.h; sourceTree = "<group>"; };
		40BD2BA01C05EF97004AE2CA /* SecondRowTableViewCell.m */ = {isa = PBXFileReference; fileEncoding = 4; lastKnownFileType = sourcecode.c.objc; path = SecondRowTableViewCell.m; sourceTree = "<group>"; };
		40BD2BA21C05F14D004AE2CA /* ThirdTableViewCell.h */ = {isa = PBXFileReference; fileEncoding = 4; lastKnownFileType = sourcecode.c.h; path = ThirdTableViewCell.h; sourceTree = "<group>"; };
		40BD2BA31C05F14D004AE2CA /* ThirdTableViewCell.m */ = {isa = PBXFileReference; fileEncoding = 4; lastKnownFileType = sourcecode.c.objc; path = ThirdTableViewCell.m; sourceTree = "<group>"; };
		40BD2BA51C05F156004AE2CA /* FourthTableViewCell.h */ = {isa = PBXFileReference; fileEncoding = 4; lastKnownFileType = sourcecode.c.h; path = FourthTableViewCell.h; sourceTree = "<group>"; };
		40BD2BA61C05F156004AE2CA /* FourthTableViewCell.m */ = {isa = PBXFileReference; fileEncoding = 4; lastKnownFileType = sourcecode.c.objc; path = FourthTableViewCell.m; sourceTree = "<group>"; };
		40BD2BAA1C05F4E7004AE2CA /* HomePageRecipe.h */ = {isa = PBXFileReference; fileEncoding = 4; lastKnownFileType = sourcecode.c.h; path = HomePageRecipe.h; sourceTree = "<group>"; };
		40BD2BAB1C05F4E7004AE2CA /* HomePageRecipe.m */ = {isa = PBXFileReference; fileEncoding = 4; lastKnownFileType = sourcecode.c.objc; path = HomePageRecipe.m; sourceTree = "<group>"; };
		40BD2BAD1C05F6C3004AE2CA /* FifthTableViewCell.h */ = {isa = PBXFileReference; fileEncoding = 4; lastKnownFileType = sourcecode.c.h; path = FifthTableViewCell.h; sourceTree = "<group>"; };
		40BD2BAE1C05F6C3004AE2CA /* FifthTableViewCell.m */ = {isa = PBXFileReference; fileEncoding = 4; lastKnownFileType = sourcecode.c.objc; path = FifthTableViewCell.m; sourceTree = "<group>"; };
		40BD2BB01C05F854004AE2CA /* FifthTableViewCell.xib */ = {isa = PBXFileReference; fileEncoding = 4; lastKnownFileType = file.xib; path = FifthTableViewCell.xib; sourceTree = "<group>"; };
		6D317F44A60691258AFD0426 /* Pods.release.xcconfig */ = {isa = PBXFileReference; includeInIndex = 1; lastKnownFileType = text.xcconfig; name = Pods.release.xcconfig; path = "Pods/Target Support Files/Pods/Pods.release.xcconfig"; sourceTree = "<group>"; };
		7CEFCBA74E977978D96E4474 /* Pods.debug.xcconfig */ = {isa = PBXFileReference; includeInIndex = 1; lastKnownFileType = text.xcconfig; name = Pods.debug.xcconfig; path = "Pods/Target Support Files/Pods/Pods.debug.xcconfig"; sourceTree = "<group>"; };
		D2CFB5F31C05DDF5001C6BC4 /* xiachufang.app */ = {isa = PBXFileReference; explicitFileType = wrapper.application; includeInIndex = 0; path = xiachufang.app; sourceTree = BUILT_PRODUCTS_DIR; };
		D2CFB5F71C05DDF5001C6BC4 /* main.m */ = {isa = PBXFileReference; lastKnownFileType = sourcecode.c.objc; path = main.m; sourceTree = "<group>"; };
		D2CFB5F91C05DDF5001C6BC4 /* AppDelegate.h */ = {isa = PBXFileReference; lastKnownFileType = sourcecode.c.h; path = AppDelegate.h; sourceTree = "<group>"; };
		D2CFB5FA1C05DDF5001C6BC4 /* AppDelegate.m */ = {isa = PBXFileReference; lastKnownFileType = sourcecode.c.objc; path = AppDelegate.m; sourceTree = "<group>"; };
		D2CFB6001C05DDF5001C6BC4 /* Base */ = {isa = PBXFileReference; lastKnownFileType = file.storyboard; name = Base; path = Base.lproj/Main.storyboard; sourceTree = "<group>"; };
		D2CFB6021C05DDF5001C6BC4 /* Assets.xcassets */ = {isa = PBXFileReference; lastKnownFileType = folder.assetcatalog; path = Assets.xcassets; sourceTree = "<group>"; };
		D2CFB6051C05DDF5001C6BC4 /* Base */ = {isa = PBXFileReference; lastKnownFileType = file.storyboard; name = Base; path = Base.lproj/LaunchScreen.storyboard; sourceTree = "<group>"; };
		D2CFB6071C05DDF5001C6BC4 /* Info.plist */ = {isa = PBXFileReference; lastKnownFileType = text.plist.xml; path = Info.plist; sourceTree = "<group>"; };
		D2CFB60C1C05DDF6001C6BC4 /* xiachufangTests.xctest */ = {isa = PBXFileReference; explicitFileType = wrapper.cfbundle; includeInIndex = 0; path = xiachufangTests.xctest; sourceTree = BUILT_PRODUCTS_DIR; };
		D2CFB6101C05DDF6001C6BC4 /* xiachufangTests.m */ = {isa = PBXFileReference; lastKnownFileType = sourcecode.c.objc; path = xiachufangTests.m; sourceTree = "<group>"; };
		D2CFB6121C05DDF6001C6BC4 /* Info.plist */ = {isa = PBXFileReference; lastKnownFileType = text.plist.xml; path = Info.plist; sourceTree = "<group>"; };
		D2CFB6171C05DDF6001C6BC4 /* xiachufangUITests.xctest */ = {isa = PBXFileReference; explicitFileType = wrapper.cfbundle; includeInIndex = 0; path = xiachufangUITests.xctest; sourceTree = BUILT_PRODUCTS_DIR; };
		D2CFB61B1C05DDF6001C6BC4 /* xiachufangUITests.m */ = {isa = PBXFileReference; lastKnownFileType = sourcecode.c.objc; path = xiachufangUITests.m; sourceTree = "<group>"; };
		D2CFB61D1C05DDF6001C6BC4 /* Info.plist */ = {isa = PBXFileReference; lastKnownFileType = text.plist.xml; path = Info.plist; sourceTree = "<group>"; };
/* End PBXFileReference section */

/* Begin PBXFrameworksBuildPhase section */
		D2CFB5F01C05DDF5001C6BC4 /* Frameworks */ = {
			isa = PBXFrameworksBuildPhase;
			buildActionMask = 2147483647;
			files = (
				DF2F1ACC80739DE3C1E509B7 /* libPods.a in Frameworks */,
			);
			runOnlyForDeploymentPostprocessing = 0;
		};
		D2CFB6091C05DDF6001C6BC4 /* Frameworks */ = {
			isa = PBXFrameworksBuildPhase;
			buildActionMask = 2147483647;
			files = (
			);
			runOnlyForDeploymentPostprocessing = 0;
		};
		D2CFB6141C05DDF6001C6BC4 /* Frameworks */ = {
			isa = PBXFrameworksBuildPhase;
			buildActionMask = 2147483647;
			files = (
			);
			runOnlyForDeploymentPostprocessing = 0;
		};
/* End PBXFrameworksBuildPhase section */

/* Begin PBXGroup section */
		40BD2B8F1C05E4D3004AE2CA /* Category */ = {
			isa = PBXGroup;
			children = (
				40BD2B961C05E511004AE2CA /* UIColor+themeColor.h */,
				40BD2B971C05E511004AE2CA /* UIColor+themeColor.m */,
			);
			name = Category;
			sourceTree = "<group>";
		};
		40BD2B901C05E4D9004AE2CA /* View */ = {
			isa = PBXGroup;
			children = (
				40BD2B9C1C05EBA5004AE2CA /* FirstRowTableViewCell.h */,
				40BD2B9D1C05EBA5004AE2CA /* FirstRowTableViewCell.m */,
				40BD2B9F1C05EF97004AE2CA /* SecondRowTableViewCell.h */,
				40BD2BA01C05EF97004AE2CA /* SecondRowTableViewCell.m */,
				40BD2BA21C05F14D004AE2CA /* ThirdTableViewCell.h */,
				40BD2BA31C05F14D004AE2CA /* ThirdTableViewCell.m */,
				40BD2BA51C05F156004AE2CA /* FourthTableViewCell.h */,
				40BD2BA61C05F156004AE2CA /* FourthTableViewCell.m */,
				40BD2BAD1C05F6C3004AE2CA /* FifthTableViewCell.h */,
				40BD2BAE1C05F6C3004AE2CA /* FifthTableViewCell.m */,
				40BD2BB01C05F854004AE2CA /* FifthTableViewCell.xib */,
			);
			name = View;
			sourceTree = "<group>";
		};
		40BD2B911C05E4E3004AE2CA /* Controller */ = {
			isa = PBXGroup;
			children = (
				40BD2B991C05EB7A004AE2CA /* HomeTableViewController.h */,
				40BD2B9A1C05EB7A004AE2CA /* HomeTableViewController.m */,
			);
			name = Controller;
			sourceTree = "<group>";
		};
		40BD2B921C05E4E8004AE2CA /* AppDelegate */ = {
			isa = PBXGroup;
			children = (
				D2CFB5F91C05DDF5001C6BC4 /* AppDelegate.h */,
				D2CFB5FA1C05DDF5001C6BC4 /* AppDelegate.m */,
			);
			name = AppDelegate;
			sourceTree = "<group>";
		};
		40BD2B931C05E4EF004AE2CA /* Util */ = {
			isa = PBXGroup;
			children = (
			);
			name = Util;
			sourceTree = "<group>";
		};
		40BD2B941C05E4F4004AE2CA /* Vendor */ = {
			isa = PBXGroup;
			children = (
			);
			name = Vendor;
			sourceTree = "<group>";
		};
		40BD2B951C05E4F9004AE2CA /* Resource */ = {
			isa = PBXGroup;
			children = (
			);
			name = Resource;
			sourceTree = "<group>";
		};
		40BD2BA81C05F361004AE2CA /* Request */ = {
			isa = PBXGroup;
			children = (
			);
			name = Request;
			sourceTree = "<group>";
		};
		40BD2BA91C05F4CE004AE2CA /* Model */ = {
			isa = PBXGroup;
			children = (
				40BD2BAA1C05F4E7004AE2CA /* HomePageRecipe.h */,
				40BD2BAB1C05F4E7004AE2CA /* HomePageRecipe.m */,
			);
			name = Model;
			sourceTree = "<group>";
		};
		A21AE0659958FCA6589F2503 /* Frameworks */ = {
			isa = PBXGroup;
			children = (
				131DCD4378D74D2965BD7E84 /* libPods.a */,
			);
			name = Frameworks;
			sourceTree = "<group>";
		};
		C74DF6734C20159FD15F4FF3 /* Pods */ = {
			isa = PBXGroup;
			children = (
				7CEFCBA74E977978D96E4474 /* Pods.debug.xcconfig */,
				6D317F44A60691258AFD0426 /* Pods.release.xcconfig */,
			);
			name = Pods;
			sourceTree = "<group>";
		};
		D2CFB5EA1C05DDF5001C6BC4 = {
			isa = PBXGroup;
			children = (
				D2CFB5F51C05DDF5001C6BC4 /* xiachufang */,
				D2CFB60F1C05DDF6001C6BC4 /* xiachufangTests */,
				D2CFB61A1C05DDF6001C6BC4 /* xiachufangUITests */,
				D2CFB5F41C05DDF5001C6BC4 /* Products */,
				C74DF6734C20159FD15F4FF3 /* Pods */,
				A21AE0659958FCA6589F2503 /* Frameworks */,
			);
			sourceTree = "<group>";
		};
		D2CFB5F41C05DDF5001C6BC4 /* Products */ = {
			isa = PBXGroup;
			children = (
				D2CFB5F31C05DDF5001C6BC4 /* xiachufang.app */,
				D2CFB60C1C05DDF6001C6BC4 /* xiachufangTests.xctest */,
				D2CFB6171C05DDF6001C6BC4 /* xiachufangUITests.xctest */,
			);
			name = Products;
			sourceTree = "<group>";
		};
		D2CFB5F51C05DDF5001C6BC4 /* xiachufang */ = {
			isa = PBXGroup;
			children = (
				40BD2BA91C05F4CE004AE2CA /* Model */,
				40BD2BA81C05F361004AE2CA /* Request */,
				40BD2B951C05E4F9004AE2CA /* Resource */,
				40BD2B941C05E4F4004AE2CA /* Vendor */,
				40BD2B931C05E4EF004AE2CA /* Util */,
				40BD2B921C05E4E8004AE2CA /* AppDelegate */,
				40BD2B911C05E4E3004AE2CA /* Controller */,
				40BD2B901C05E4D9004AE2CA /* View */,
				40BD2B8F1C05E4D3004AE2CA /* Category */,
				D2CFB5FF1C05DDF5001C6BC4 /* Main.storyboard */,
				D2CFB6021C05DDF5001C6BC4 /* Assets.xcassets */,
				D2CFB6041C05DDF5001C6BC4 /* LaunchScreen.storyboard */,
				D2CFB6071C05DDF5001C6BC4 /* Info.plist */,
				D2CFB5F61C05DDF5001C6BC4 /* Supporting Files */,
			);
			path = xiachufang;
			sourceTree = "<group>";
		};
		D2CFB5F61C05DDF5001C6BC4 /* Supporting Files */ = {
			isa = PBXGroup;
			children = (
				D2CFB5F71C05DDF5001C6BC4 /* main.m */,
			);
			name = "Supporting Files";
			sourceTree = "<group>";
		};
		D2CFB60F1C05DDF6001C6BC4 /* xiachufangTests */ = {
			isa = PBXGroup;
			children = (
				D2CFB6101C05DDF6001C6BC4 /* xiachufangTests.m */,
				D2CFB6121C05DDF6001C6BC4 /* Info.plist */,
			);
			path = xiachufangTests;
			sourceTree = "<group>";
		};
		D2CFB61A1C05DDF6001C6BC4 /* xiachufangUITests */ = {
			isa = PBXGroup;
			children = (
				D2CFB61B1C05DDF6001C6BC4 /* xiachufangUITests.m */,
				D2CFB61D1C05DDF6001C6BC4 /* Info.plist */,
			);
			path = xiachufangUITests;
			sourceTree = "<group>";
		};
/* End PBXGroup section */

/* Begin PBXNativeTarget section */
		D2CFB5F21C05DDF5001C6BC4 /* xiachufang */ = {
			isa = PBXNativeTarget;
			buildConfigurationList = D2CFB6201C05DDF6001C6BC4 /* Build configuration list for PBXNativeTarget "xiachufang" */;
			buildPhases = (
				6B0892F5094F85038D9E7ECD /* Check Pods Manifest.lock */,
				D2CFB5EF1C05DDF5001C6BC4 /* Sources */,
				D2CFB5F01C05DDF5001C6BC4 /* Frameworks */,
				D2CFB5F11C05DDF5001C6BC4 /* Resources */,
				79C4B769EB57ECC359E8A7A1 /* Copy Pods Resources */,
			);
			buildRules = (
			);
			dependencies = (
			);
			name = xiachufang;
			productName = xiachufang;
			productReference = D2CFB5F31C05DDF5001C6BC4 /* xiachufang.app */;
			productType = "com.apple.product-type.application";
		};
		D2CFB60B1C05DDF6001C6BC4 /* xiachufangTests */ = {
			isa = PBXNativeTarget;
			buildConfigurationList = D2CFB6231C05DDF6001C6BC4 /* Build configuration list for PBXNativeTarget "xiachufangTests" */;
			buildPhases = (
				D2CFB6081C05DDF6001C6BC4 /* Sources */,
				D2CFB6091C05DDF6001C6BC4 /* Frameworks */,
				D2CFB60A1C05DDF6001C6BC4 /* Resources */,
			);
			buildRules = (
			);
			dependencies = (
				D2CFB60E1C05DDF6001C6BC4 /* PBXTargetDependency */,
			);
			name = xiachufangTests;
			productName = xiachufangTests;
			productReference = D2CFB60C1C05DDF6001C6BC4 /* xiachufangTests.xctest */;
			productType = "com.apple.product-type.bundle.unit-test";
		};
		D2CFB6161C05DDF6001C6BC4 /* xiachufangUITests */ = {
			isa = PBXNativeTarget;
			buildConfigurationList = D2CFB6261C05DDF6001C6BC4 /* Build configuration list for PBXNativeTarget "xiachufangUITests" */;
			buildPhases = (
				D2CFB6131C05DDF6001C6BC4 /* Sources */,
				D2CFB6141C05DDF6001C6BC4 /* Frameworks */,
				D2CFB6151C05DDF6001C6BC4 /* Resources */,
			);
			buildRules = (
			);
			dependencies = (
				D2CFB6191C05DDF6001C6BC4 /* PBXTargetDependency */,
			);
			name = xiachufangUITests;
			productName = xiachufangUITests;
			productReference = D2CFB6171C05DDF6001C6BC4 /* xiachufangUITests.xctest */;
			productType = "com.apple.product-type.bundle.ui-testing";
		};
/* End PBXNativeTarget section */

/* Begin PBXProject section */
		D2CFB5EB1C05DDF5001C6BC4 /* Project object */ = {
			isa = PBXProject;
			attributes = {
				LastUpgradeCheck = 0710;
				ORGANIZATIONNAME = "邓岚锋";
				TargetAttributes = {
					D2CFB5F21C05DDF5001C6BC4 = {
						CreatedOnToolsVersion = 7.1.1;
					};
					D2CFB60B1C05DDF6001C6BC4 = {
						CreatedOnToolsVersion = 7.1.1;
						TestTargetID = D2CFB5F21C05DDF5001C6BC4;
					};
					D2CFB6161C05DDF6001C6BC4 = {
						CreatedOnToolsVersion = 7.1.1;
						TestTargetID = D2CFB5F21C05DDF5001C6BC4;
					};
				};
			};
			buildConfigurationList = D2CFB5EE1C05DDF5001C6BC4 /* Build configuration list for PBXProject "xiachufang" */;
			compatibilityVersion = "Xcode 3.2";
			developmentRegion = English;
			hasScannedForEncodings = 0;
			knownRegions = (
				en,
				Base,
			);
			mainGroup = D2CFB5EA1C05DDF5001C6BC4;
			productRefGroup = D2CFB5F41C05DDF5001C6BC4 /* Products */;
			projectDirPath = "";
			projectRoot = "";
			targets = (
				D2CFB5F21C05DDF5001C6BC4 /* xiachufang */,
				D2CFB60B1C05DDF6001C6BC4 /* xiachufangTests */,
				D2CFB6161C05DDF6001C6BC4 /* xiachufangUITests */,
			);
		};
/* End PBXProject section */

/* Begin PBXResourcesBuildPhase section */
		D2CFB5F11C05DDF5001C6BC4 /* Resources */ = {
			isa = PBXResourcesBuildPhase;
			buildActionMask = 2147483647;
			files = (
				D2CFB6061C05DDF5001C6BC4 /* LaunchScreen.storyboard in Resources */,
				D2CFB6031C05DDF5001C6BC4 /* Assets.xcassets in Resources */,
				D2CFB6011C05DDF5001C6BC4 /* Main.storyboard in Resources */,
				40BD2BB11C05F854004AE2CA /* FifthTableViewCell.xib in Resources */,
			);
			runOnlyForDeploymentPostprocessing = 0;
		};
		D2CFB60A1C05DDF6001C6BC4 /* Resources */ = {
			isa = PBXResourcesBuildPhase;
			buildActionMask = 2147483647;
			files = (
			);
			runOnlyForDeploymentPostprocessing = 0;
		};
		D2CFB6151C05DDF6001C6BC4 /* Resources */ = {
			isa = PBXResourcesBuildPhase;
			buildActionMask = 2147483647;
			files = (
			);
			runOnlyForDeploymentPostprocessing = 0;
		};
/* End PBXResourcesBuildPhase section */

/* Begin PBXShellScriptBuildPhase section */
		6B0892F5094F85038D9E7ECD /* Check Pods Manifest.lock */ = {
			isa = PBXShellScriptBuildPhase;
			buildActionMask = 2147483647;
			files = (
			);
			inputPaths = (
			);
			name = "Check Pods Manifest.lock";
			outputPaths = (
			);
			runOnlyForDeploymentPostprocessing = 0;
			shellPath = /bin/sh;
			shellScript = "diff \"${PODS_ROOT}/../Podfile.lock\" \"${PODS_ROOT}/Manifest.lock\" > /dev/null\nif [[ $? != 0 ]] ; then\n    cat << EOM\nerror: The sandbox is not in sync with the Podfile.lock. Run 'pod install' or update your CocoaPods installation.\nEOM\n    exit 1\nfi\n";
			showEnvVarsInLog = 0;
		};
		79C4B769EB57ECC359E8A7A1 /* Copy Pods Resources */ = {
			isa = PBXShellScriptBuildPhase;
			buildActionMask = 2147483647;
			files = (
			);
			inputPaths = (
			);
			name = "Copy Pods Resources";
			outputPaths = (
			);
			runOnlyForDeploymentPostprocessing = 0;
			shellPath = /bin/sh;
			shellScript = "\"${SRCROOT}/Pods/Target Support Files/Pods/Pods-resources.sh\"\n";
			showEnvVarsInLog = 0;
		};
/* End PBXShellScriptBuildPhase section */

/* Begin PBXSourcesBuildPhase section */
		D2CFB5EF1C05DDF5001C6BC4 /* Sources */ = {
			isa = PBXSourcesBuildPhase;
			buildActionMask = 2147483647;
			files = (
				40BD2B9B1C05EB7A004AE2CA /* HomeTableViewController.m in Sources */,
				40BD2B981C05E511004AE2CA /* UIColor+themeColor.m in Sources */,
				40BD2BAC1C05F4E7004AE2CA /* HomePageRecipe.m in Sources */,
				40BD2B9E1C05EBA5004AE2CA /* FirstRowTableViewCell.m in Sources */,
				40BD2BA71C05F156004AE2CA /* FourthTableViewCell.m in Sources */,
				D2CFB5FB1C05DDF5001C6BC4 /* AppDelegate.m in Sources */,
				40BD2BA11C05EF97004AE2CA /* SecondRowTableViewCell.m in Sources */,
				D2CFB5F81C05DDF5001C6BC4 /* main.m in Sources */,
				40BD2BA41C05F14D004AE2CA /* ThirdTableViewCell.m in Sources */,
				40BD2BAF1C05F6C3004AE2CA /* FifthTableViewCell.m in Sources */,
			);
			runOnlyForDeploymentPostprocessing = 0;
		};
		D2CFB6081C05DDF6001C6BC4 /* Sources */ = {
			isa = PBXSourcesBuildPhase;
			buildActionMask = 2147483647;
			files = (
				D2CFB6111C05DDF6001C6BC4 /* xiachufangTests.m in Sources */,
			);
			runOnlyForDeploymentPostprocessing = 0;
		};
		D2CFB6131C05DDF6001C6BC4 /* Sources */ = {
			isa = PBXSourcesBuildPhase;
			buildActionMask = 2147483647;
			files = (
				D2CFB61C1C05DDF6001C6BC4 /* xiachufangUITests.m in Sources */,
			);
			runOnlyForDeploymentPostprocessing = 0;
		};
/* End PBXSourcesBuildPhase section */

/* Begin PBXTargetDependency section */
		D2CFB60E1C05DDF6001C6BC4 /* PBXTargetDependency */ = {
			isa = PBXTargetDependency;
			target = D2CFB5F21C05DDF5001C6BC4 /* xiachufang */;
			targetProxy = D2CFB60D1C05DDF6001C6BC4 /* PBXContainerItemProxy */;
		};
		D2CFB6191C05DDF6001C6BC4 /* PBXTargetDependency */ = {
			isa = PBXTargetDependency;
			target = D2CFB5F21C05DDF5001C6BC4 /* xiachufang */;
			targetProxy = D2CFB6181C05DDF6001C6BC4 /* PBXContainerItemProxy */;
		};
/* End PBXTargetDependency section */

/* Begin PBXVariantGroup section */
		D2CFB5FF1C05DDF5001C6BC4 /* Main.storyboard */ = {
			isa = PBXVariantGroup;
			children = (
				D2CFB6001C05DDF5001C6BC4 /* Base */,
			);
			name = Main.storyboard;
			sourceTree = "<group>";
		};
		D2CFB6041C05DDF5001C6BC4 /* LaunchScreen.storyboard */ = {
			isa = PBXVariantGroup;
			children = (
				D2CFB6051C05DDF5001C6BC4 /* Base */,
			);
			name = LaunchScreen.storyboard;
			sourceTree = "<group>";
		};
/* End PBXVariantGroup section */

/* Begin XCBuildConfiguration section */
		D2CFB61E1C05DDF6001C6BC4 /* Debug */ = {
			isa = XCBuildConfiguration;
			buildSettings = {
				ALWAYS_SEARCH_USER_PATHS = NO;
				CLANG_CXX_LANGUAGE_STANDARD = "gnu++0x";
				CLANG_CXX_LIBRARY = "libc++";
				CLANG_ENABLE_MODULES = YES;
				CLANG_ENABLE_OBJC_ARC = YES;
				CLANG_WARN_BOOL_CONVERSION = YES;
				CLANG_WARN_CONSTANT_CONVERSION = YES;
				CLANG_WARN_DIRECT_OBJC_ISA_USAGE = YES_ERROR;
				CLANG_WARN_EMPTY_BODY = YES;
				CLANG_WARN_ENUM_CONVERSION = YES;
				CLANG_WARN_INT_CONVERSION = YES;
				CLANG_WARN_OBJC_ROOT_CLASS = YES_ERROR;
				CLANG_WARN_UNREACHABLE_CODE = YES;
				CLANG_WARN__DUPLICATE_METHOD_MATCH = YES;
				"CODE_SIGN_IDENTITY[sdk=iphoneos*]" = "iPhone Developer";
				COPY_PHASE_STRIP = NO;
				DEBUG_INFORMATION_FORMAT = dwarf;
				ENABLE_STRICT_OBJC_MSGSEND = YES;
				ENABLE_TESTABILITY = YES;
				GCC_C_LANGUAGE_STANDARD = gnu99;
				GCC_DYNAMIC_NO_PIC = NO;
				GCC_NO_COMMON_BLOCKS = YES;
				GCC_OPTIMIZATION_LEVEL = 0;
				GCC_PREPROCESSOR_DEFINITIONS = (
					"DEBUG=1",
					"$(inherited)",
				);
				GCC_WARN_64_TO_32_BIT_CONVERSION = YES;
				GCC_WARN_ABOUT_RETURN_TYPE = YES_ERROR;
				GCC_WARN_UNDECLARED_SELECTOR = YES;
				GCC_WARN_UNINITIALIZED_AUTOS = YES_AGGRESSIVE;
				GCC_WARN_UNUSED_FUNCTION = YES;
				GCC_WARN_UNUSED_VARIABLE = YES;
				IPHONEOS_DEPLOYMENT_TARGET = 9.1;
				MTL_ENABLE_DEBUG_INFO = YES;
				ONLY_ACTIVE_ARCH = YES;
				SDKROOT = iphoneos;
			};
			name = Debug;
		};
		D2CFB61F1C05DDF6001C6BC4 /* Release */ = {
			isa = XCBuildConfiguration;
			buildSettings = {
				ALWAYS_SEARCH_USER_PATHS = NO;
				CLANG_CXX_LANGUAGE_STANDARD = "gnu++0x";
				CLANG_CXX_LIBRARY = "libc++";
				CLANG_ENABLE_MODULES = YES;
				CLANG_ENABLE_OBJC_ARC = YES;
				CLANG_WARN_BOOL_CONVERSION = YES;
				CLANG_WARN_CONSTANT_CONVERSION = YES;
				CLANG_WARN_DIRECT_OBJC_ISA_USAGE = YES_ERROR;
				CLANG_WARN_EMPTY_BODY = YES;
				CLANG_WARN_ENUM_CONVERSION = YES;
				CLANG_WARN_INT_CONVERSION = YES;
				CLANG_WARN_OBJC_ROOT_CLASS = YES_ERROR;
				CLANG_WARN_UNREACHABLE_CODE = YES;
				CLANG_WARN__DUPLICATE_METHOD_MATCH = YES;
				"CODE_SIGN_IDENTITY[sdk=iphoneos*]" = "iPhone Developer";
				COPY_PHASE_STRIP = NO;
				DEBUG_INFORMATION_FORMAT = "dwarf-with-dsym";
				ENABLE_NS_ASSERTIONS = NO;
				ENABLE_STRICT_OBJC_MSGSEND = YES;
				GCC_C_LANGUAGE_STANDARD = gnu99;
				GCC_NO_COMMON_BLOCKS = YES;
				GCC_WARN_64_TO_32_BIT_CONVERSION = YES;
				GCC_WARN_ABOUT_RETURN_TYPE = YES_ERROR;
				GCC_WARN_UNDECLARED_SELECTOR = YES;
				GCC_WARN_UNINITIALIZED_AUTOS = YES_AGGRESSIVE;
				GCC_WARN_UNUSED_FUNCTION = YES;
				GCC_WARN_UNUSED_VARIABLE = YES;
				IPHONEOS_DEPLOYMENT_TARGET = 9.1;
				MTL_ENABLE_DEBUG_INFO = NO;
				SDKROOT = iphoneos;
				VALIDATE_PRODUCT = YES;
			};
			name = Release;
		};
		D2CFB6211C05DDF6001C6BC4 /* Debug */ = {
			isa = XCBuildConfiguration;
			baseConfigurationReference = 7CEFCBA74E977978D96E4474 /* Pods.debug.xcconfig */;
			buildSettings = {
				ASSETCATALOG_COMPILER_APPICON_NAME = AppIcon;
				INFOPLIST_FILE = xiachufang/Info.plist;
				LD_RUNPATH_SEARCH_PATHS = "$(inherited) @executable_path/Frameworks";
				PRODUCT_BUNDLE_IDENTIFIER = com.CoderAlexande.xiachufang;
				PRODUCT_NAME = "$(TARGET_NAME)";
			};
			name = Debug;
		};
		D2CFB6221C05DDF6001C6BC4 /* Release */ = {
			isa = XCBuildConfiguration;
			baseConfigurationReference = 6D317F44A60691258AFD0426 /* Pods.release.xcconfig */;
			buildSettings = {
				ASSETCATALOG_COMPILER_APPICON_NAME = AppIcon;
				INFOPLIST_FILE = xiachufang/Info.plist;
				LD_RUNPATH_SEARCH_PATHS = "$(inherited) @executable_path/Frameworks";
				PRODUCT_BUNDLE_IDENTIFIER = com.CoderAlexande.xiachufang;
				PRODUCT_NAME = "$(TARGET_NAME)";
			};
			name = Release;
		};
		D2CFB6241C05DDF6001C6BC4 /* Debug */ = {
			isa = XCBuildConfiguration;
			buildSettings = {
				BUNDLE_LOADER = "$(TEST_HOST)";
				INFOPLIST_FILE = xiachufangTests/Info.plist;
				LD_RUNPATH_SEARCH_PATHS = "$(inherited) @executable_path/Frameworks @loader_path/Frameworks";
				PRODUCT_BUNDLE_IDENTIFIER = com.CoderAlexande.xiachufangTests;
				PRODUCT_NAME = "$(TARGET_NAME)";
				TEST_HOST = "$(BUILT_PRODUCTS_DIR)/xiachufang.app/xiachufang";
			};
			name = Debug;
		};
		D2CFB6251C05DDF6001C6BC4 /* Release */ = {
			isa = XCBuildConfiguration;
			buildSettings = {
				BUNDLE_LOADER = "$(TEST_HOST)";
				INFOPLIST_FILE = xiachufangTests/Info.plist;
				LD_RUNPATH_SEARCH_PATHS = "$(inherited) @executable_path/Frameworks @loader_path/Frameworks";
				PRODUCT_BUNDLE_IDENTIFIER = com.CoderAlexande.xiachufangTests;
				PRODUCT_NAME = "$(TARGET_NAME)";
				TEST_HOST = "$(BUILT_PRODUCTS_DIR)/xiachufang.app/xiachufang";
			};
			name = Release;
		};
		D2CFB6271C05DDF6001C6BC4 /* Debug */ = {
			isa = XCBuildConfiguration;
			buildSettings = {
				INFOPLIST_FILE = xiachufangUITests/Info.plist;
				LD_RUNPATH_SEARCH_PATHS = "$(inherited) @executable_path/Frameworks @loader_path/Frameworks";
				PRODUCT_BUNDLE_IDENTIFIER = com.CoderAlexande.xiachufangUITests;
				PRODUCT_NAME = "$(TARGET_NAME)";
				TEST_TARGET_NAME = xiachufang;
				USES_XCTRUNNER = YES;
			};
			name = Debug;
		};
		D2CFB6281C05DDF6001C6BC4 /* Release */ = {
			isa = XCBuildConfiguration;
			buildSettings = {
				INFOPLIST_FILE = xiachufangUITests/Info.plist;
				LD_RUNPATH_SEARCH_PATHS = "$(inherited) @executable_path/Frameworks @loader_path/Frameworks";
				PRODUCT_BUNDLE_IDENTIFIER = com.CoderAlexande.xiachufangUITests;
				PRODUCT_NAME = "$(TARGET_NAME)";
				TEST_TARGET_NAME = xiachufang;
				USES_XCTRUNNER = YES;
			};
			name = Release;
		};
/* End XCBuildConfiguration section */

/* Begin XCConfigurationList section */
		D2CFB5EE1C05DDF5001C6BC4 /* Build configuration list for PBXProject "xiachufang" */ = {
			isa = XCConfigurationList;
			buildConfigurations = (
				D2CFB61E1C05DDF6001C6BC4 /* Debug */,
				D2CFB61F1C05DDF6001C6BC4 /* Release */,
			);
			defaultConfigurationIsVisible = 0;
			defaultConfigurationName = Release;
		};
		D2CFB6201C05DDF6001C6BC4 /* Build configuration list for PBXNativeTarget "xiachufang" */ = {
			isa = XCConfigurationList;
			buildConfigurations = (
				D2CFB6211C05DDF6001C6BC4 /* Debug */,
				D2CFB6221C05DDF6001C6BC4 /* Release */,
			);
			defaultConfigurationIsVisible = 0;
			defaultConfigurationName = Release;
		};
		D2CFB6231C05DDF6001C6BC4 /* Build configuration list for PBXNativeTarget "xiachufangTests" */ = {
			isa = XCConfigurationList;
			buildConfigurations = (
				D2CFB6241C05DDF6001C6BC4 /* Debug */,
				D2CFB6251C05DDF6001C6BC4 /* Release */,
			);
			defaultConfigurationIsVisible = 0;
			defaultConfigurationName = Release;
		};
		D2CFB6261C05DDF6001C6BC4 /* Build configuration list for PBXNativeTarget "xiachufangUITests" */ = {
			isa = XCConfigurationList;
			buildConfigurations = (
				D2CFB6271C05DDF6001C6BC4 /* Debug */,
				D2CFB6281C05DDF6001C6BC4 /* Release */,
			);
			defaultConfigurationIsVisible = 0;
			defaultConfigurationName = Release;
		};
/* End XCConfigurationList section */
	};
	rootObject = D2CFB5EB1C05DDF5001C6BC4 /* Project object */;
}
